# nova-rootwrap command filters for network nodes
# This file should be owned by (and only-writeable by) the root user

[Filters]
# nova/network/freebsd_net.py: 'ifconfig', 'lo0', 'alias', ..
ifconfig: CommandFilter, ifconfig, root

# nova/network/linux_net.py: 'dhcp_release', dev, address, mac_address
#dhcp_release: CommandFilter, dhcp_release, root

# nova/network/linux_net.py: 'kill', '-9', pid
# nova/network/linux_net.py: 'kill', '-HUP', pid
#kill_dnsmasq: KillFilter, root, /usr/sbin/dnsmasq, -9, -HUP

# nova/network/linux_net.py: dnsmasq call
#dnsmasq: EnvFilter, env, root, CONFIG_FILE=, NETWORK_ID=, dnsmasq

# nova/network/linux_net.py: 'sysctl', ....
sysctl: CommandFilter, sysctl, root
